
Microsoft Visual Studio Solution File, Format Version 12.00
# Visual Studio Version 17
VisualStudioVersion = 17.9.34723.18
MinimumVisualStudioVersion = 10.0.40219.1
Project("{FAE04EC0-301F-11D3-BF4B-00C04F79EFBC}") = "ListyIterator", "ListyIterator\ListyIterator.csproj", "{7D8E8879-344D-4DEE-B839-79FCACFECB8A}"
EndProject
Global
	GlobalSection(SolutionConfigurationPlatforms) = preSolution
		Debug|Any CPU = Debug|Any CPU
		Release|Any CPU = Release|Any CPU
	EndGlobalSection
	GlobalSection(ProjectConfigurationPlatforms) = postSolution
		{7D8E8879-344D-4DEE-B839-79FCACFECB8A}.Debug|Any CPU.ActiveCfg = Debug|Any CPU
		{7D8E8879-344D-4DEE-B839-79FCACFECB8A}.Debug|Any CPU.Build.0 = Debug|Any CPU
		{7D8E8879-344D-4DEE-B839-79FCACFECB8A}.Release|Any CPU.ActiveCfg = Release|Any CPU
		{7D8E8879-344D-4DEE-B839-79FCACFECB8A}.Release|Any CPU.Build.0 = Release|Any CPU
	EndGlobalSection
	GlobalSection(SolutionProperties) = preSolution
		HideSolutionNode = FALSE
	EndGlobalSection
	GlobalSection(ExtensibilityGlobals) = postSolution
		SolutionGuid = {C5A5ACB1-6B34-4DC1-BDD2-5D2560FD952B}
	EndGlobalSection
EndGlobal
