
Microsoft Visual Studio Solution File, Format Version 12.00
# Visual Studio Version 17
VisualStudioVersion = 17.9.34616.47
MinimumVisualStudioVersion = 10.0.40219.1
Project("{FAE04EC0-301F-11D3-BF4B-00C04F79EFBC}") = "01. Count Chars in a String", "1. Count Chars in a String\01. Count Chars in a String.csproj", "{2F631657-7FA2-480A-AAAC-3EA3AD8BCE0F}"
EndProject
Project("{FAE04EC0-301F-11D3-BF4B-00C04F79EFBC}") = "02. A Miner Task", "02. A Miner Task\02. A Miner Task.csproj", "{B29AAFC6-3E86-4B5F-B0EB-2C7CAC85EBE3}"
EndProject
Project("{FAE04EC0-301F-11D3-BF4B-00C04F79EFBC}") = "03. Orders", "3. Orders\03. Orders.csproj", "{C1F27C68-5CA2-4652-A45A-9582CF01BE68}"
EndProject
Project("{FAE04EC0-301F-11D3-BF4B-00C04F79EFBC}") = "04. SoftUni Parking", "04. SoftUni Parking\04. SoftUni Parking.csproj", "{25B39063-1AC6-4387-8DFD-10D3FFE6CF53}"
EndProject
Project("{FAE04EC0-301F-11D3-BF4B-00C04F79EFBC}") = "5. Courses", "5. Courses\5. Courses.csproj", "{692000F2-2EDB-41EC-A152-B7E4AFD617B1}"
EndProject
Project("{FAE04EC0-301F-11D3-BF4B-00C04F79EFBC}") = "6. Student Academy", "6. Student Academy\6. Student Academy.csproj", "{303DB77F-CAC3-4EB4-A337-E26DA2C567B9}"
EndProject
Project("{FAE04EC0-301F-11D3-BF4B-00C04F79EFBC}") = "07. Company Users", "07. Company Users\07. Company Users.csproj", "{10937813-F191-45DF-8C53-2B22B9342F24}"
EndProject
Global
	GlobalSection(SolutionConfigurationPlatforms) = preSolution
		Debug|Any CPU = Debug|Any CPU
		Release|Any CPU = Release|Any CPU
	EndGlobalSection
	GlobalSection(ProjectConfigurationPlatforms) = postSolution
		{2F631657-7FA2-480A-AAAC-3EA3AD8BCE0F}.Debug|Any CPU.ActiveCfg = Debug|Any CPU
		{2F631657-7FA2-480A-AAAC-3EA3AD8BCE0F}.Debug|Any CPU.Build.0 = Debug|Any CPU
		{2F631657-7FA2-480A-AAAC-3EA3AD8BCE0F}.Release|Any CPU.ActiveCfg = Release|Any CPU
		{2F631657-7FA2-480A-AAAC-3EA3AD8BCE0F}.Release|Any CPU.Build.0 = Release|Any CPU
		{B29AAFC6-3E86-4B5F-B0EB-2C7CAC85EBE3}.Debug|Any CPU.ActiveCfg = Debug|Any CPU
		{B29AAFC6-3E86-4B5F-B0EB-2C7CAC85EBE3}.Debug|Any CPU.Build.0 = Debug|Any CPU
		{B29AAFC6-3E86-4B5F-B0EB-2C7CAC85EBE3}.Release|Any CPU.ActiveCfg = Release|Any CPU
		{B29AAFC6-3E86-4B5F-B0EB-2C7CAC85EBE3}.Release|Any CPU.Build.0 = Release|Any CPU
		{C1F27C68-5CA2-4652-A45A-9582CF01BE68}.Debug|Any CPU.ActiveCfg = Debug|Any CPU
		{C1F27C68-5CA2-4652-A45A-9582CF01BE68}.Debug|Any CPU.Build.0 = Debug|Any CPU
		{C1F27C68-5CA2-4652-A45A-9582CF01BE68}.Release|Any CPU.ActiveCfg = Release|Any CPU
		{C1F27C68-5CA2-4652-A45A-9582CF01BE68}.Release|Any CPU.Build.0 = Release|Any CPU
		{25B39063-1AC6-4387-8DFD-10D3FFE6CF53}.Debug|Any CPU.ActiveCfg = Debug|Any CPU
		{25B39063-1AC6-4387-8DFD-10D3FFE6CF53}.Debug|Any CPU.Build.0 = Debug|Any CPU
		{25B39063-1AC6-4387-8DFD-10D3FFE6CF53}.Release|Any CPU.ActiveCfg = Release|Any CPU
		{25B39063-1AC6-4387-8DFD-10D3FFE6CF53}.Release|Any CPU.Build.0 = Release|Any CPU
		{692000F2-2EDB-41EC-A152-B7E4AFD617B1}.Debug|Any CPU.ActiveCfg = Debug|Any CPU
		{692000F2-2EDB-41EC-A152-B7E4AFD617B1}.Debug|Any CPU.Build.0 = Debug|Any CPU
		{692000F2-2EDB-41EC-A152-B7E4AFD617B1}.Release|Any CPU.ActiveCfg = Release|Any CPU
		{692000F2-2EDB-41EC-A152-B7E4AFD617B1}.Release|Any CPU.Build.0 = Release|Any CPU
		{303DB77F-CAC3-4EB4-A337-E26DA2C567B9}.Debug|Any CPU.ActiveCfg = Debug|Any CPU
		{303DB77F-CAC3-4EB4-A337-E26DA2C567B9}.Debug|Any CPU.Build.0 = Debug|Any CPU
		{303DB77F-CAC3-4EB4-A337-E26DA2C567B9}.Release|Any CPU.ActiveCfg = Release|Any CPU
		{303DB77F-CAC3-4EB4-A337-E26DA2C567B9}.Release|Any CPU.Build.0 = Release|Any CPU
		{10937813-F191-45DF-8C53-2B22B9342F24}.Debug|Any CPU.ActiveCfg = Debug|Any CPU
		{10937813-F191-45DF-8C53-2B22B9342F24}.Debug|Any CPU.Build.0 = Debug|Any CPU
		{10937813-F191-45DF-8C53-2B22B9342F24}.Release|Any CPU.ActiveCfg = Release|Any CPU
		{10937813-F191-45DF-8C53-2B22B9342F24}.Release|Any CPU.Build.0 = Release|Any CPU
	EndGlobalSection
	GlobalSection(SolutionProperties) = preSolution
		HideSolutionNode = FALSE
	EndGlobalSection
	GlobalSection(ExtensibilityGlobals) = postSolution
		SolutionGuid = {B75F7111-2AE9-43D2-9ECC-09982F72B531}
	EndGlobalSection
EndGlobal
