
Microsoft Visual Studio Solution File, Format Version 12.00
# Visual Studio Version 17
VisualStudioVersion = 17.8.34408.163
MinimumVisualStudioVersion = 10.0.40219.1
Project("{9A19103F-16F7-4668-BE54-9A1E7A4F7556}") = "01. Convert Meters to Kilometers", "01. Convert Meters to Kilometers.csproj", "{DE6A0851-F8CD-4B06-8BF8-CC7B22FB69A9}"
EndProject
Project("{FAE04EC0-301F-11D3-BF4B-00C04F79EFBC}") = "02. Pounds to Dollars", "..\02. Pounds to Dollars\02. Pounds to Dollars.csproj", "{A178328B-83E2-4BCA-A391-C885CB9F807F}"
EndProject
Project("{FAE04EC0-301F-11D3-BF4B-00C04F79EFBC}") = "Exact Sum of Real Numbers", "..\Exact Sum of Real Numbers\Exact Sum of Real Numbers.csproj", "{AD0DC575-14B9-456E-B884-DA1B1AA2753E}"
EndProject
Project("{FAE04EC0-301F-11D3-BF4B-00C04F79EFBC}") = "04. Centuries to Minutes", "..\04. Centuries to Minutes\04. Centuries to Minutes.csproj", "{E40E5A56-7AC2-44E6-9CAA-1D0C7247F633}"
EndProject
Project("{FAE04EC0-301F-11D3-BF4B-00C04F79EFBC}") = "Special Numbers", "..\Special Numbers\Special Numbers.csproj", "{4DBCEC67-D74D-49D4-8EF6-8976E8E2F22E}"
EndProject
Project("{FAE04EC0-301F-11D3-BF4B-00C04F79EFBC}") = "06. Reversed Chars", "..\06. Reversed Chars\06. Reversed Chars.csproj", "{9A0B9998-C601-422B-8A41-616EAD8BFF23}"
EndProject
Project("{FAE04EC0-301F-11D3-BF4B-00C04F79EFBC}") = "07. Concat Names", "..\07. Concat Names\07. Concat Names.csproj", "{6B87735F-0FDE-4E6B-8916-04BE77605A3A}"
EndProject
Project("{FAE04EC0-301F-11D3-BF4B-00C04F79EFBC}") = "08. Town Info", "..\08. Town Info\08. Town Info.csproj", "{C4179339-BE6C-461E-8F95-5C84D472649F}"
EndProject
Project("{FAE04EC0-301F-11D3-BF4B-00C04F79EFBC}") = "09. Chars to String", "..\09. Chars to String\09. Chars to String.csproj", "{00768669-E5B0-42F0-94E2-9F6EB3C3D8AA}"
EndProject
Project("{FAE04EC0-301F-11D3-BF4B-00C04F79EFBC}") = "10. Lower or Upper", "..\10. Lower or Upper\10. Lower or Upper.csproj", "{2A80F850-7C0F-4B28-A3EC-A90662B1D4CF}"
EndProject
Project("{FAE04EC0-301F-11D3-BF4B-00C04F79EFBC}") = "11. Refactor Volume of Pyramid", "..\11. Refactor Volume of Pyramid\11. Refactor Volume of Pyramid.csproj", "{BF5F393B-3472-4658-BF85-61AEF7BF3395}"
EndProject
Project("{FAE04EC0-301F-11D3-BF4B-00C04F79EFBC}") = "12. Refactor Special Numbers", "..\12. Refactor Special Numbers\12. Refactor Special Numbers.csproj", "{950AA091-13C7-4A15-A160-0546756AEDBB}"
EndProject
Global
	GlobalSection(SolutionConfigurationPlatforms) = preSolution
		Debug|Any CPU = Debug|Any CPU
		Release|Any CPU = Release|Any CPU
	EndGlobalSection
	GlobalSection(ProjectConfigurationPlatforms) = postSolution
		{DE6A0851-F8CD-4B06-8BF8-CC7B22FB69A9}.Debug|Any CPU.ActiveCfg = Debug|Any CPU
		{DE6A0851-F8CD-4B06-8BF8-CC7B22FB69A9}.Debug|Any CPU.Build.0 = Debug|Any CPU
		{DE6A0851-F8CD-4B06-8BF8-CC7B22FB69A9}.Release|Any CPU.ActiveCfg = Release|Any CPU
		{DE6A0851-F8CD-4B06-8BF8-CC7B22FB69A9}.Release|Any CPU.Build.0 = Release|Any CPU
		{A178328B-83E2-4BCA-A391-C885CB9F807F}.Debug|Any CPU.ActiveCfg = Debug|Any CPU
		{A178328B-83E2-4BCA-A391-C885CB9F807F}.Debug|Any CPU.Build.0 = Debug|Any CPU
		{A178328B-83E2-4BCA-A391-C885CB9F807F}.Release|Any CPU.ActiveCfg = Release|Any CPU
		{A178328B-83E2-4BCA-A391-C885CB9F807F}.Release|Any CPU.Build.0 = Release|Any CPU
		{AD0DC575-14B9-456E-B884-DA1B1AA2753E}.Debug|Any CPU.ActiveCfg = Debug|Any CPU
		{AD0DC575-14B9-456E-B884-DA1B1AA2753E}.Debug|Any CPU.Build.0 = Debug|Any CPU
		{AD0DC575-14B9-456E-B884-DA1B1AA2753E}.Release|Any CPU.ActiveCfg = Release|Any CPU
		{AD0DC575-14B9-456E-B884-DA1B1AA2753E}.Release|Any CPU.Build.0 = Release|Any CPU
		{E40E5A56-7AC2-44E6-9CAA-1D0C7247F633}.Debug|Any CPU.ActiveCfg = Debug|Any CPU
		{E40E5A56-7AC2-44E6-9CAA-1D0C7247F633}.Debug|Any CPU.Build.0 = Debug|Any CPU
		{E40E5A56-7AC2-44E6-9CAA-1D0C7247F633}.Release|Any CPU.ActiveCfg = Release|Any CPU
		{E40E5A56-7AC2-44E6-9CAA-1D0C7247F633}.Release|Any CPU.Build.0 = Release|Any CPU
		{4DBCEC67-D74D-49D4-8EF6-8976E8E2F22E}.Debug|Any CPU.ActiveCfg = Debug|Any CPU
		{4DBCEC67-D74D-49D4-8EF6-8976E8E2F22E}.Debug|Any CPU.Build.0 = Debug|Any CPU
		{4DBCEC67-D74D-49D4-8EF6-8976E8E2F22E}.Release|Any CPU.ActiveCfg = Release|Any CPU
		{4DBCEC67-D74D-49D4-8EF6-8976E8E2F22E}.Release|Any CPU.Build.0 = Release|Any CPU
		{9A0B9998-C601-422B-8A41-616EAD8BFF23}.Debug|Any CPU.ActiveCfg = Debug|Any CPU
		{9A0B9998-C601-422B-8A41-616EAD8BFF23}.Debug|Any CPU.Build.0 = Debug|Any CPU
		{9A0B9998-C601-422B-8A41-616EAD8BFF23}.Release|Any CPU.ActiveCfg = Release|Any CPU
		{9A0B9998-C601-422B-8A41-616EAD8BFF23}.Release|Any CPU.Build.0 = Release|Any CPU
		{6B87735F-0FDE-4E6B-8916-04BE77605A3A}.Debug|Any CPU.ActiveCfg = Debug|Any CPU
		{6B87735F-0FDE-4E6B-8916-04BE77605A3A}.Debug|Any CPU.Build.0 = Debug|Any CPU
		{6B87735F-0FDE-4E6B-8916-04BE77605A3A}.Release|Any CPU.ActiveCfg = Release|Any CPU
		{6B87735F-0FDE-4E6B-8916-04BE77605A3A}.Release|Any CPU.Build.0 = Release|Any CPU
		{C4179339-BE6C-461E-8F95-5C84D472649F}.Debug|Any CPU.ActiveCfg = Debug|Any CPU
		{C4179339-BE6C-461E-8F95-5C84D472649F}.Debug|Any CPU.Build.0 = Debug|Any CPU
		{C4179339-BE6C-461E-8F95-5C84D472649F}.Release|Any CPU.ActiveCfg = Release|Any CPU
		{C4179339-BE6C-461E-8F95-5C84D472649F}.Release|Any CPU.Build.0 = Release|Any CPU
		{00768669-E5B0-42F0-94E2-9F6EB3C3D8AA}.Debug|Any CPU.ActiveCfg = Debug|Any CPU
		{00768669-E5B0-42F0-94E2-9F6EB3C3D8AA}.Debug|Any CPU.Build.0 = Debug|Any CPU
		{00768669-E5B0-42F0-94E2-9F6EB3C3D8AA}.Release|Any CPU.ActiveCfg = Release|Any CPU
		{00768669-E5B0-42F0-94E2-9F6EB3C3D8AA}.Release|Any CPU.Build.0 = Release|Any CPU
		{2A80F850-7C0F-4B28-A3EC-A90662B1D4CF}.Debug|Any CPU.ActiveCfg = Debug|Any CPU
		{2A80F850-7C0F-4B28-A3EC-A90662B1D4CF}.Debug|Any CPU.Build.0 = Debug|Any CPU
		{2A80F850-7C0F-4B28-A3EC-A90662B1D4CF}.Release|Any CPU.ActiveCfg = Release|Any CPU
		{2A80F850-7C0F-4B28-A3EC-A90662B1D4CF}.Release|Any CPU.Build.0 = Release|Any CPU
		{BF5F393B-3472-4658-BF85-61AEF7BF3395}.Debug|Any CPU.ActiveCfg = Debug|Any CPU
		{BF5F393B-3472-4658-BF85-61AEF7BF3395}.Debug|Any CPU.Build.0 = Debug|Any CPU
		{BF5F393B-3472-4658-BF85-61AEF7BF3395}.Release|Any CPU.ActiveCfg = Release|Any CPU
		{BF5F393B-3472-4658-BF85-61AEF7BF3395}.Release|Any CPU.Build.0 = Release|Any CPU
		{950AA091-13C7-4A15-A160-0546756AEDBB}.Debug|Any CPU.ActiveCfg = Debug|Any CPU
		{950AA091-13C7-4A15-A160-0546756AEDBB}.Debug|Any CPU.Build.0 = Debug|Any CPU
		{950AA091-13C7-4A15-A160-0546756AEDBB}.Release|Any CPU.ActiveCfg = Release|Any CPU
		{950AA091-13C7-4A15-A160-0546756AEDBB}.Release|Any CPU.Build.0 = Release|Any CPU
	EndGlobalSection
	GlobalSection(SolutionProperties) = preSolution
		HideSolutionNode = FALSE
	EndGlobalSection
	GlobalSection(ExtensibilityGlobals) = postSolution
		SolutionGuid = {007E094F-6346-4C91-BC4C-7C90F2F1193A}
	EndGlobalSection
EndGlobal
