
Microsoft Visual Studio Solution File, Format Version 12.00
# Visual Studio Version 17
VisualStudioVersion = 17.9.34723.18
MinimumVisualStudioVersion = 10.0.40219.1
Project("{9A19103F-16F7-4668-BE54-9A1E7A4F7556}") = "1. SumMatrixElements", "1. SumMatrixElements\1. SumMatrixElements.csproj", "{6E8F3929-9DA3-4A49-915D-55F1B199BAA0}"
EndProject
Project("{9A19103F-16F7-4668-BE54-9A1E7A4F7556}") = "2.SumMatrixColumns", "2.SumMatrixColumns\2.SumMatrixColumns.csproj", "{00B55E9F-FBD3-4015-94EA-347DB27212B2}"
EndProject
Project("{9A19103F-16F7-4668-BE54-9A1E7A4F7556}") = "3.PrimaryDiagonal", "3.PrimaryDiagonal\3.PrimaryDiagonal.csproj", "{DF533497-B7D2-45D7-8F96-4A91AD5E48CF}"
EndProject
Project("{9A19103F-16F7-4668-BE54-9A1E7A4F7556}") = "4.SymbolInMatrix", "4.SymbolInMatrix\4.SymbolInMatrix.csproj", "{F2FCEDAC-05B6-47E9-8445-08EE60468A0A}"
EndProject
Project("{FAE04EC0-301F-11D3-BF4B-00C04F79EFBC}") = "5.SquareWithMaximumSum", "5.SquareWithMaximumSum\5.SquareWithMaximumSum.csproj", "{A63A91A8-CC47-4594-8BB9-AC8E0178EE4F}"
EndProject
Project("{FAE04EC0-301F-11D3-BF4B-00C04F79EFBC}") = "6.JaggedArrayModification", "6.JaggedArrayModification\6.JaggedArrayModification.csproj", "{559CEE8F-44DE-42C3-971F-686B4F08942B}"
EndProject
Project("{FAE04EC0-301F-11D3-BF4B-00C04F79EFBC}") = "7.PascalTriangle", "7.PascalTriangle\7.PascalTriangle.csproj", "{539FB4DA-53C6-4BC0-B0DC-2ADD0B8132AE}"
EndProject
Global
	GlobalSection(SolutionConfigurationPlatforms) = preSolution
		Debug|Any CPU = Debug|Any CPU
		Release|Any CPU = Release|Any CPU
	EndGlobalSection
	GlobalSection(ProjectConfigurationPlatforms) = postSolution
		{6E8F3929-9DA3-4A49-915D-55F1B199BAA0}.Debug|Any CPU.ActiveCfg = Debug|Any CPU
		{6E8F3929-9DA3-4A49-915D-55F1B199BAA0}.Debug|Any CPU.Build.0 = Debug|Any CPU
		{6E8F3929-9DA3-4A49-915D-55F1B199BAA0}.Release|Any CPU.ActiveCfg = Release|Any CPU
		{6E8F3929-9DA3-4A49-915D-55F1B199BAA0}.Release|Any CPU.Build.0 = Release|Any CPU
		{00B55E9F-FBD3-4015-94EA-347DB27212B2}.Debug|Any CPU.ActiveCfg = Debug|Any CPU
		{00B55E9F-FBD3-4015-94EA-347DB27212B2}.Debug|Any CPU.Build.0 = Debug|Any CPU
		{00B55E9F-FBD3-4015-94EA-347DB27212B2}.Release|Any CPU.ActiveCfg = Release|Any CPU
		{00B55E9F-FBD3-4015-94EA-347DB27212B2}.Release|Any CPU.Build.0 = Release|Any CPU
		{DF533497-B7D2-45D7-8F96-4A91AD5E48CF}.Debug|Any CPU.ActiveCfg = Debug|Any CPU
		{DF533497-B7D2-45D7-8F96-4A91AD5E48CF}.Debug|Any CPU.Build.0 = Debug|Any CPU
		{DF533497-B7D2-45D7-8F96-4A91AD5E48CF}.Release|Any CPU.ActiveCfg = Release|Any CPU
		{DF533497-B7D2-45D7-8F96-4A91AD5E48CF}.Release|Any CPU.Build.0 = Release|Any CPU
		{F2FCEDAC-05B6-47E9-8445-08EE60468A0A}.Debug|Any CPU.ActiveCfg = Debug|Any CPU
		{F2FCEDAC-05B6-47E9-8445-08EE60468A0A}.Debug|Any CPU.Build.0 = Debug|Any CPU
		{F2FCEDAC-05B6-47E9-8445-08EE60468A0A}.Release|Any CPU.ActiveCfg = Release|Any CPU
		{F2FCEDAC-05B6-47E9-8445-08EE60468A0A}.Release|Any CPU.Build.0 = Release|Any CPU
		{A63A91A8-CC47-4594-8BB9-AC8E0178EE4F}.Debug|Any CPU.ActiveCfg = Debug|Any CPU
		{A63A91A8-CC47-4594-8BB9-AC8E0178EE4F}.Debug|Any CPU.Build.0 = Debug|Any CPU
		{A63A91A8-CC47-4594-8BB9-AC8E0178EE4F}.Release|Any CPU.ActiveCfg = Release|Any CPU
		{A63A91A8-CC47-4594-8BB9-AC8E0178EE4F}.Release|Any CPU.Build.0 = Release|Any CPU
		{559CEE8F-44DE-42C3-971F-686B4F08942B}.Debug|Any CPU.ActiveCfg = Debug|Any CPU
		{559CEE8F-44DE-42C3-971F-686B4F08942B}.Debug|Any CPU.Build.0 = Debug|Any CPU
		{559CEE8F-44DE-42C3-971F-686B4F08942B}.Release|Any CPU.ActiveCfg = Release|Any CPU
		{559CEE8F-44DE-42C3-971F-686B4F08942B}.Release|Any CPU.Build.0 = Release|Any CPU
		{539FB4DA-53C6-4BC0-B0DC-2ADD0B8132AE}.Debug|Any CPU.ActiveCfg = Debug|Any CPU
		{539FB4DA-53C6-4BC0-B0DC-2ADD0B8132AE}.Debug|Any CPU.Build.0 = Debug|Any CPU
		{539FB4DA-53C6-4BC0-B0DC-2ADD0B8132AE}.Release|Any CPU.ActiveCfg = Release|Any CPU
		{539FB4DA-53C6-4BC0-B0DC-2ADD0B8132AE}.Release|Any CPU.Build.0 = Release|Any CPU
	EndGlobalSection
	GlobalSection(SolutionProperties) = preSolution
		HideSolutionNode = FALSE
	EndGlobalSection
	GlobalSection(ExtensibilityGlobals) = postSolution
		SolutionGuid = {0E5D4AAB-CE0C-4E59-9379-7A41038083FA}
	EndGlobalSection
EndGlobal
