
Microsoft Visual Studio Solution File, Format Version 12.00
# Visual Studio Version 17
VisualStudioVersion = 17.8.34408.163
MinimumVisualStudioVersion = 10.0.40219.1
Project("{FAE04EC0-301F-11D3-BF4B-00C04F79EFBC}") = "1. Day of Week", "1. Day of Week.csproj", "{B826E707-B39A-43BC-8FA4-8941DC76401B}"
EndProject
Project("{FAE04EC0-301F-11D3-BF4B-00C04F79EFBC}") = "02. Print Numbers in Reverse Order", "..\02. Print Numbers in Reverse Order\02. Print Numbers in Reverse Order.csproj", "{0FED5EAD-E3A5-431C-8D64-C7BA940C18B2}"
EndProject
Project("{FAE04EC0-301F-11D3-BF4B-00C04F79EFBC}") = "03. Rounding Numbers", "..\03. Rounding Numbers\03. Rounding Numbers.csproj", "{0B135C00-A743-4230-90E6-E6C9A783B23C}"
EndProject
Project("{FAE04EC0-301F-11D3-BF4B-00C04F79EFBC}") = "4. Reverse Array of Strings", "..\4. Reverse Array of Strings\4. Reverse Array of Strings.csproj", "{605C808F-6361-40BA-93FD-1769E6457E1C}"
EndProject
Project("{FAE04EC0-301F-11D3-BF4B-00C04F79EFBC}") = "5. Sum Even Numbers", "..\5. Sum Even Numbers\5. Sum Even Numbers.csproj", "{B7555831-7F18-4E08-B108-12CC309FE165}"
EndProject
Project("{FAE04EC0-301F-11D3-BF4B-00C04F79EFBC}") = "06. Even and Odd Subtraction", "..\06. Even and Odd Subtraction\06. Even and Odd Subtraction.csproj", "{85F12EFC-8794-45AC-9A9E-84097DA8C462}"
EndProject
Project("{FAE04EC0-301F-11D3-BF4B-00C04F79EFBC}") = "07. Equal Arrays", "..\07. Equal Arrays\07. Equal Arrays.csproj", "{BBEA4A6F-D3E4-40E0-A7D8-2E47B142D3E0}"
EndProject
Project("{FAE04EC0-301F-11D3-BF4B-00C04F79EFBC}") = "08. Condense Array to Number", "..\08. Condense Array to Number\08. Condense Array to Number.csproj", "{467BFA69-E7AB-4708-B948-D734A9B4F78F}"
EndProject
Global
	GlobalSection(SolutionConfigurationPlatforms) = preSolution
		Debug|Any CPU = Debug|Any CPU
		Release|Any CPU = Release|Any CPU
	EndGlobalSection
	GlobalSection(ProjectConfigurationPlatforms) = postSolution
		{B826E707-B39A-43BC-8FA4-8941DC76401B}.Debug|Any CPU.ActiveCfg = Debug|Any CPU
		{B826E707-B39A-43BC-8FA4-8941DC76401B}.Debug|Any CPU.Build.0 = Debug|Any CPU
		{B826E707-B39A-43BC-8FA4-8941DC76401B}.Release|Any CPU.ActiveCfg = Release|Any CPU
		{B826E707-B39A-43BC-8FA4-8941DC76401B}.Release|Any CPU.Build.0 = Release|Any CPU
		{0FED5EAD-E3A5-431C-8D64-C7BA940C18B2}.Debug|Any CPU.ActiveCfg = Debug|Any CPU
		{0FED5EAD-E3A5-431C-8D64-C7BA940C18B2}.Debug|Any CPU.Build.0 = Debug|Any CPU
		{0FED5EAD-E3A5-431C-8D64-C7BA940C18B2}.Release|Any CPU.ActiveCfg = Release|Any CPU
		{0FED5EAD-E3A5-431C-8D64-C7BA940C18B2}.Release|Any CPU.Build.0 = Release|Any CPU
		{0B135C00-A743-4230-90E6-E6C9A783B23C}.Debug|Any CPU.ActiveCfg = Debug|Any CPU
		{0B135C00-A743-4230-90E6-E6C9A783B23C}.Debug|Any CPU.Build.0 = Debug|Any CPU
		{0B135C00-A743-4230-90E6-E6C9A783B23C}.Release|Any CPU.ActiveCfg = Release|Any CPU
		{0B135C00-A743-4230-90E6-E6C9A783B23C}.Release|Any CPU.Build.0 = Release|Any CPU
		{605C808F-6361-40BA-93FD-1769E6457E1C}.Debug|Any CPU.ActiveCfg = Debug|Any CPU
		{605C808F-6361-40BA-93FD-1769E6457E1C}.Debug|Any CPU.Build.0 = Debug|Any CPU
		{605C808F-6361-40BA-93FD-1769E6457E1C}.Release|Any CPU.ActiveCfg = Release|Any CPU
		{605C808F-6361-40BA-93FD-1769E6457E1C}.Release|Any CPU.Build.0 = Release|Any CPU
		{B7555831-7F18-4E08-B108-12CC309FE165}.Debug|Any CPU.ActiveCfg = Debug|Any CPU
		{B7555831-7F18-4E08-B108-12CC309FE165}.Debug|Any CPU.Build.0 = Debug|Any CPU
		{B7555831-7F18-4E08-B108-12CC309FE165}.Release|Any CPU.ActiveCfg = Release|Any CPU
		{B7555831-7F18-4E08-B108-12CC309FE165}.Release|Any CPU.Build.0 = Release|Any CPU
		{85F12EFC-8794-45AC-9A9E-84097DA8C462}.Debug|Any CPU.ActiveCfg = Debug|Any CPU
		{85F12EFC-8794-45AC-9A9E-84097DA8C462}.Debug|Any CPU.Build.0 = Debug|Any CPU
		{85F12EFC-8794-45AC-9A9E-84097DA8C462}.Release|Any CPU.ActiveCfg = Release|Any CPU
		{85F12EFC-8794-45AC-9A9E-84097DA8C462}.Release|Any CPU.Build.0 = Release|Any CPU
		{BBEA4A6F-D3E4-40E0-A7D8-2E47B142D3E0}.Debug|Any CPU.ActiveCfg = Debug|Any CPU
		{BBEA4A6F-D3E4-40E0-A7D8-2E47B142D3E0}.Debug|Any CPU.Build.0 = Debug|Any CPU
		{BBEA4A6F-D3E4-40E0-A7D8-2E47B142D3E0}.Release|Any CPU.ActiveCfg = Release|Any CPU
		{BBEA4A6F-D3E4-40E0-A7D8-2E47B142D3E0}.Release|Any CPU.Build.0 = Release|Any CPU
		{467BFA69-E7AB-4708-B948-D734A9B4F78F}.Debug|Any CPU.ActiveCfg = Debug|Any CPU
		{467BFA69-E7AB-4708-B948-D734A9B4F78F}.Debug|Any CPU.Build.0 = Debug|Any CPU
		{467BFA69-E7AB-4708-B948-D734A9B4F78F}.Release|Any CPU.ActiveCfg = Release|Any CPU
		{467BFA69-E7AB-4708-B948-D734A9B4F78F}.Release|Any CPU.Build.0 = Release|Any CPU
	EndGlobalSection
	GlobalSection(SolutionProperties) = preSolution
		HideSolutionNode = FALSE
	EndGlobalSection
	GlobalSection(ExtensibilityGlobals) = postSolution
		SolutionGuid = {E02FF475-7997-4919-B163-AC368F198417}
	EndGlobalSection
EndGlobal
