
Microsoft Visual Studio Solution File, Format Version 12.00
# Visual Studio Version 17
VisualStudioVersion = 17.9.34723.18
MinimumVisualStudioVersion = 10.0.40219.1
Project("{FAE04EC0-301F-11D3-BF4B-00C04F79EFBC}") = "01.ListyIterator", "01.ListyIterator\01.ListyIterator.csproj", "{E9BBF021-E44C-4D23-B456-089AF3B1EBB2}"
EndProject
Project("{FAE04EC0-301F-11D3-BF4B-00C04F79EFBC}") = "02.Collection", "02.Collection\02.Collection.csproj", "{03A086D3-82C9-4C83-99B5-5087A4C6F6D9}"
EndProject
Project("{FAE04EC0-301F-11D3-BF4B-00C04F79EFBC}") = "03.Stack", "03.Stack\03.Stack.csproj", "{CCC71F47-4932-494F-877B-5CC0C0E49C02}"
EndProject
Project("{FAE04EC0-301F-11D3-BF4B-00C04F79EFBC}") = "04.Froggy", "04.Froggy\04.Froggy.csproj", "{719AACC8-4A1A-46AC-85FE-C68FF6946FCC}"
EndProject
Project("{FAE04EC0-301F-11D3-BF4B-00C04F79EFBC}") = "05.ComparingObjects", "05.ComparingObjects\05.ComparingObjects.csproj", "{F8B3B5B7-0C8A-49A9-95E1-43D65133EA10}"
EndProject
Global
	GlobalSection(SolutionConfigurationPlatforms) = preSolution
		Debug|Any CPU = Debug|Any CPU
		Release|Any CPU = Release|Any CPU
	EndGlobalSection
	GlobalSection(ProjectConfigurationPlatforms) = postSolution
		{E9BBF021-E44C-4D23-B456-089AF3B1EBB2}.Debug|Any CPU.ActiveCfg = Debug|Any CPU
		{E9BBF021-E44C-4D23-B456-089AF3B1EBB2}.Debug|Any CPU.Build.0 = Debug|Any CPU
		{E9BBF021-E44C-4D23-B456-089AF3B1EBB2}.Release|Any CPU.ActiveCfg = Release|Any CPU
		{E9BBF021-E44C-4D23-B456-089AF3B1EBB2}.Release|Any CPU.Build.0 = Release|Any CPU
		{03A086D3-82C9-4C83-99B5-5087A4C6F6D9}.Debug|Any CPU.ActiveCfg = Debug|Any CPU
		{03A086D3-82C9-4C83-99B5-5087A4C6F6D9}.Debug|Any CPU.Build.0 = Debug|Any CPU
		{03A086D3-82C9-4C83-99B5-5087A4C6F6D9}.Release|Any CPU.ActiveCfg = Release|Any CPU
		{03A086D3-82C9-4C83-99B5-5087A4C6F6D9}.Release|Any CPU.Build.0 = Release|Any CPU
		{CCC71F47-4932-494F-877B-5CC0C0E49C02}.Debug|Any CPU.ActiveCfg = Debug|Any CPU
		{CCC71F47-4932-494F-877B-5CC0C0E49C02}.Debug|Any CPU.Build.0 = Debug|Any CPU
		{CCC71F47-4932-494F-877B-5CC0C0E49C02}.Release|Any CPU.ActiveCfg = Release|Any CPU
		{CCC71F47-4932-494F-877B-5CC0C0E49C02}.Release|Any CPU.Build.0 = Release|Any CPU
		{719AACC8-4A1A-46AC-85FE-C68FF6946FCC}.Debug|Any CPU.ActiveCfg = Debug|Any CPU
		{719AACC8-4A1A-46AC-85FE-C68FF6946FCC}.Debug|Any CPU.Build.0 = Debug|Any CPU
		{719AACC8-4A1A-46AC-85FE-C68FF6946FCC}.Release|Any CPU.ActiveCfg = Release|Any CPU
		{719AACC8-4A1A-46AC-85FE-C68FF6946FCC}.Release|Any CPU.Build.0 = Release|Any CPU
		{F8B3B5B7-0C8A-49A9-95E1-43D65133EA10}.Debug|Any CPU.ActiveCfg = Debug|Any CPU
		{F8B3B5B7-0C8A-49A9-95E1-43D65133EA10}.Debug|Any CPU.Build.0 = Debug|Any CPU
		{F8B3B5B7-0C8A-49A9-95E1-43D65133EA10}.Release|Any CPU.ActiveCfg = Release|Any CPU
		{F8B3B5B7-0C8A-49A9-95E1-43D65133EA10}.Release|Any CPU.Build.0 = Release|Any CPU
	EndGlobalSection
	GlobalSection(SolutionProperties) = preSolution
		HideSolutionNode = FALSE
	EndGlobalSection
	GlobalSection(ExtensibilityGlobals) = postSolution
		SolutionGuid = {1AB90545-AF92-40DA-BA12-E90D6B69225D}
	EndGlobalSection
EndGlobal
